{
  "requires": true,
  "lockfileVersion": 1,
  "dependencies": {
    "crypto-js": {
      "version": "3.3.0",
      "resolved": "https://registry.npmjs.org/crypto-js/-/crypto-js-3.3.0.tgz",
      "integrity": "sha512-DIT51nX0dCfKltpRiXV+/TVZq+Qq2NgF4644+K7Ttnla7zEzqc+kjJyiB96BHNyUTBxyjzRcZYpUdZa+QAqi6Q=="
    },
    "react-s3": {
      "version": "1.3.1",
      "resolved": "https://registry.npmjs.org/react-s3/-/react-s3-1.3.1.tgz",
      "integrity": "sha512-4KiEXeWv4n1aGaMcsWShabPmHtSfV9GINAg4It/WfVvhUcsSn9jrmcBSjOqf+s4Y/2cMeCtW/TquF3bVCW4fLg==",
      "requires": {
        "crypto-js": "^3.1.9-1"
      }
    }
  }
}
